{
  "pins" : [
    {
      "identity" : "flatbuffers",
      "kind" : "remoteSourceControl",
      "location" : "https://github.com/google/flatbuffers.git",
      "state" : {
        "revision" : "0100f6a5779831fa7a651e4b67ef389a8752bd9b",
        "version" : "23.5.26"
      }
    },
    {
      "identity" : "sdk",
      "kind" : "remoteSourceControl",
      "location" : "https://github.com/open-meteo/sdk.git",
      "state" : {
        "branch" : "main",
        "revision" : "af484202e319548b6f1168fa3913b4e4eba051ca"
      }
    }
  ],
  "version" : 2
}
